
Microsoft Visual Studio Solution File, Format Version 12.00
Project("{FAE04EC0-301F-11D3-BF4B-00C04F79EFBC}") = "Backend.DataAccess", "Backend.DataAccess\Backend.DataAccess.csproj", "{B3C0CF52-3EE6-4689-8552-DA71701A9E5D}"
EndProject
Project("{FAE04EC0-301F-11D3-BF4B-00C04F79EFBC}") = "Backend.Application", "Backend.Application\Backend.Application.csproj", "{25A196FD-4C2B-4DEC-A386-C6270F3BD792}"
EndProject
Project("{FAE04EC0-301F-11D3-BF4B-00C04F79EFBC}") = "Backend.UI", "Backend.UI\Backend.UI.csproj", "{CF4D869B-3E58-4905-9990-B920CA41B88D}"
EndProject
Global
	GlobalSection(SolutionConfigurationPlatforms) = preSolution
		Debug|Any CPU = Debug|Any CPU
		Release|Any CPU = Release|Any CPU
	EndGlobalSection
	GlobalSection(ProjectConfigurationPlatforms) = postSolution
		{B3C0CF52-3EE6-4689-8552-DA71701A9E5D}.Debug|Any CPU.ActiveCfg = Debug|Any CPU
		{B3C0CF52-3EE6-4689-8552-DA71701A9E5D}.Debug|Any CPU.Build.0 = Debug|Any CPU
		{B3C0CF52-3EE6-4689-8552-DA71701A9E5D}.Release|Any CPU.ActiveCfg = Release|Any CPU
		{B3C0CF52-3EE6-4689-8552-DA71701A9E5D}.Release|Any CPU.Build.0 = Release|Any CPU
		{25A196FD-4C2B-4DEC-A386-C6270F3BD792}.Debug|Any CPU.ActiveCfg = Debug|Any CPU
		{25A196FD-4C2B-4DEC-A386-C6270F3BD792}.Debug|Any CPU.Build.0 = Debug|Any CPU
		{25A196FD-4C2B-4DEC-A386-C6270F3BD792}.Release|Any CPU.ActiveCfg = Release|Any CPU
		{25A196FD-4C2B-4DEC-A386-C6270F3BD792}.Release|Any CPU.Build.0 = Release|Any CPU
		{CF4D869B-3E58-4905-9990-B920CA41B88D}.Debug|Any CPU.ActiveCfg = Debug|Any CPU
		{CF4D869B-3E58-4905-9990-B920CA41B88D}.Debug|Any CPU.Build.0 = Debug|Any CPU
		{CF4D869B-3E58-4905-9990-B920CA41B88D}.Release|Any CPU.ActiveCfg = Release|Any CPU
		{CF4D869B-3E58-4905-9990-B920CA41B88D}.Release|Any CPU.Build.0 = Release|Any CPU
	EndGlobalSection
EndGlobal
